
Microsoft Visual Studio Solution File, Format Version 12.00
# Visual Studio Version 17
VisualStudioVersion = 17.9.34622.214
MinimumVisualStudioVersion = 10.0.40219.1
Project("{9A19103F-16F7-4668-BE54-9A1E7A4F7556}") = "Kursach", "WebApplication2\Kursach.csproj", "{3163F1D8-D3AE-470E-9C64-44F6C2F4E5BE}"
EndProject
Global
	GlobalSection(SolutionConfigurationPlatforms) = preSolution
		Debug|Any CPU = Debug|Any CPU
		Release|Any CPU = Release|Any CPU
	EndGlobalSection
	GlobalSection(ProjectConfigurationPlatforms) = postSolution
		{3163F1D8-D3AE-470E-9C64-44F6C2F4E5BE}.Debug|Any CPU.ActiveCfg = Debug|Any CPU
		{3163F1D8-D3AE-470E-9C64-44F6C2F4E5BE}.Debug|Any CPU.Build.0 = Debug|Any CPU
		{3163F1D8-D3AE-470E-9C64-44F6C2F4E5BE}.Release|Any CPU.ActiveCfg = Release|Any CPU
		{3163F1D8-D3AE-470E-9C64-44F6C2F4E5BE}.Release|Any CPU.Build.0 = Release|Any CPU
	EndGlobalSection
	GlobalSection(SolutionProperties) = preSolution
		HideSolutionNode = FALSE
	EndGlobalSection
	GlobalSection(ExtensibilityGlobals) = postSolution
		SolutionGuid = {94CBE617-3DA1-4838-8DCB-084D78BE0773}
	EndGlobalSection
EndGlobal
